
Microsoft Visual Studio Solution File, Format Version 11.00
# Visual Studio 2010
Project("{FAE04EC0-301F-11D3-BF4B-00C04F79EFBC}") = "SPimg", "WindowsFormsApplication1\SPimg.csproj", "{8C3CE66A-1E39-4A83-B8A3-44E1F331595C}"
EndProject
Global
	GlobalSection(SolutionConfigurationPlatforms) = preSolution
		Debug|Any CPU = Debug|Any CPU
		Release|Any CPU = Release|Any CPU
	EndGlobalSection
	GlobalSection(ProjectConfigurationPlatforms) = postSolution
		{8C3CE66A-1E39-4A83-B8A3-44E1F331595C}.Debug|Any CPU.ActiveCfg = Debug|Any CPU
		{8C3CE66A-1E39-4A83-B8A3-44E1F331595C}.Debug|Any CPU.Build.0 = Debug|Any CPU
		{8C3CE66A-1E39-4A83-B8A3-44E1F331595C}.Release|Any CPU.ActiveCfg = Release|Any CPU
		{8C3CE66A-1E39-4A83-B8A3-44E1F331595C}.Release|Any CPU.Build.0 = Release|Any CPU
	EndGlobalSection
	GlobalSection(SolutionProperties) = preSolution
		HideSolutionNode = FALSE
	EndGlobalSection
EndGlobal
